// !$*UTF8*$!
{
	archiveVersion = 1;
	classes = {
	};
	objectVersion = 46;
	objects = {

/* Begin PBXBuildFile section */
		6B14505B152630BC006BD77A /* UIKit.framework in Frameworks */ = {isa = PBXBuildFile; fileRef = 6B14505A152630BC006BD77A /* UIKit.framework */; };
		6B14505D152630BC006BD77A /* Foundation.framework in Frameworks */ = {isa = PBXBuildFile; fileRef = 6B14505C152630BC006BD77A /* Foundation.framework */; };
		6B14505F152630BC006BD77A /* CoreGraphics.framework in Frameworks */ = {isa = PBXBuildFile; fileRef = 6B14505E152630BC006BD77A /* CoreGraphics.framework */; };
		6B145067152630BC006BD77A /* main.m in Sources */ = {isa = PBXBuildFile; fileRef = 6B145066152630BC006BD77A /* main.m */; };
		6B14506B152630BC006BD77A /* AppDelegate.m in Sources */ = {isa = PBXBuildFile; fileRef = 6B14506A152630BC006BD77A /* AppDelegate.m */; };
		6B14507A152632FE006BD77A /* MainViewController.m in Sources */ = {isa = PBXBuildFile; fileRef = 6B145078152632FE006BD77A /* MainViewController.m */; };
		6B84B4DF155097F20086BB80 /* CoreData.framework in Frameworks */ = {isa = PBXBuildFile; fileRef = 6B84B4DE155097F20086BB80 /* CoreData.framework */; };
		6B84B4E1155097F70086BB80 /* Security.framework in Frameworks */ = {isa = PBXBuildFile; fileRef = 6B84B4E0155097F70086BB80 /* Security.framework */; };
		6B84B4E3155097FD0086BB80 /* CoreLocation.framework in Frameworks */ = {isa = PBXBuildFile; fileRef = 6B84B4E2155097FD0086BB80 /* CoreLocation.framework */; };
		6B84B4E5155098020086BB80 /* MapKit.framework in Frameworks */ = {isa = PBXBuildFile; fileRef = 6B84B4E4155098020086BB80 /* MapKit.framework */; };
		7E08279917138F2200A046C1 /* ContentViewController.xib in Resources */ = {isa = PBXBuildFile; fileRef = 7E08279817138F2200A046C1 /* ContentViewController.xib */; };
		7E08279C1713907500A046C1 /* ContentViewController.m in Sources */ = {isa = PBXBuildFile; fileRef = 7E08279B1713907500A046C1 /* ContentViewController.m */; };
		9505B645198C5DB6001CBC96 /* Common.framework in Frameworks */ = {isa = PBXBuildFile; fileRef = 9505B635198C5DB6001CBC96 /* Common.framework */; };
		9505B646198C5DB6001CBC96 /* ContextCore.framework in Frameworks */ = {isa = PBXBuildFile; fileRef = 9505B638198C5DB6001CBC96 /* ContextCore.framework */; };
		9505B647198C5DB6001CBC96 /* ContextLocation.framework in Frameworks */ = {isa = PBXBuildFile; fileRef = 9505B63B198C5DB6001CBC96 /* ContextLocation.framework */; };
		9505B648198C5DB6001CBC96 /* DataModels.bundle in Resources */ = {isa = PBXBuildFile; fileRef = 9505B63D198C5DB6001CBC96 /* DataModels.bundle */; };
		9505B649198C5DB6001CBC96 /* ContextProfiling.framework in Frameworks */ = {isa = PBXBuildFile; fileRef = 9505B63F198C5DB6001CBC96 /* ContextProfiling.framework */; };
		9505B64B198C5DB6001CBC96 /* NetworkServices.framework in Frameworks */ = {isa = PBXBuildFile; fileRef = 9505B643198C5DB6001CBC96 /* NetworkServices.framework */; };
		955862A81A0813EB00023C82 /* Main.storyboard in Resources */ = {isa = PBXBuildFile; fileRef = 955862A71A0813EB00023C82 /* Main.storyboard */; };
		955862AA1A0816CF00023C82 /* Images.xcassets in Resources */ = {isa = PBXBuildFile; fileRef = 955862A91A0816CF00023C82 /* Images.xcassets */; };
		955862B01A081EBC00023C82 /* GMBLOptInViewController.m in Sources */ = {isa = PBXBuildFile; fileRef = 955862AF1A081EBC00023C82 /* GMBLOptInViewController.m */; };
		95E0977A157D77D300F6758D /* UserContext.plist in Resources */ = {isa = PBXBuildFile; fileRef = 95E09779157D77D300F6758D /* UserContext.plist */; };
		D1AB588B173C232500048AD3 /* libz.dylib in Frameworks */ = {isa = PBXBuildFile; fileRef = D1AB588A173C232500048AD3 /* libz.dylib */; };
/* End PBXBuildFile section */

/* Begin PBXFileReference section */
		6B145056152630BC006BD77A /* Mallmart.app */ = {isa = PBXFileReference; explicitFileType = wrapper.application; includeInIndex = 0; path = Mallmart.app; sourceTree = BUILT_PRODUCTS_DIR; };
		6B14505A152630BC006BD77A /* UIKit.framework */ = {isa = PBXFileReference; lastKnownFileType = wrapper.framework; name = UIKit.framework; path = System/Library/Frameworks/UIKit.framework; sourceTree = SDKROOT; };
		6B14505C152630BC006BD77A /* Foundation.framework */ = {isa = PBXFileReference; lastKnownFileType = wrapper.framework; name = Foundation.framework; path = System/Library/Frameworks/Foundation.framework; sourceTree = SDKROOT; };
		6B14505E152630BC006BD77A /* CoreGraphics.framework */ = {isa = PBXFileReference; lastKnownFileType = wrapper.framework; name = CoreGraphics.framework; path = System/Library/Frameworks/CoreGraphics.framework; sourceTree = SDKROOT; };
		6B145062152630BC006BD77A /* Mallmart-Info.plist */ = {isa = PBXFileReference; lastKnownFileType = text.plist.xml; path = "Mallmart-Info.plist"; sourceTree = "<group>"; };
		6B145066152630BC006BD77A /* main.m */ = {isa = PBXFileReference; lastKnownFileType = sourcecode.c.objc; path = main.m; sourceTree = "<group>"; };
		6B145068152630BC006BD77A /* Mallmart-Prefix.pch */ = {isa = PBXFileReference; lastKnownFileType = sourcecode.c.h; path = "Mallmart-Prefix.pch"; sourceTree = "<group>"; };
		6B145069152630BC006BD77A /* AppDelegate.h */ = {isa = PBXFileReference; lastKnownFileType = sourcecode.c.h; path = AppDelegate.h; sourceTree = "<group>"; };
		6B14506A152630BC006BD77A /* AppDelegate.m */ = {isa = PBXFileReference; lastKnownFileType = sourcecode.c.objc; path = AppDelegate.m; sourceTree = "<group>"; };
		6B145077152632FE006BD77A /* MainViewController.h */ = {isa = PBXFileReference; fileEncoding = 4; lastKnownFileType = sourcecode.c.h; path = MainViewController.h; sourceTree = "<group>"; };
		6B145078152632FE006BD77A /* MainViewController.m */ = {isa = PBXFileReference; fileEncoding = 4; lastKnownFileType = sourcecode.c.objc; path = MainViewController.m; sourceTree = "<group>"; };
		6B84B4DE155097F20086BB80 /* CoreData.framework */ = {isa = PBXFileReference; lastKnownFileType = wrapper.framework; name = CoreData.framework; path = System/Library/Frameworks/CoreData.framework; sourceTree = SDKROOT; };
		6B84B4E0155097F70086BB80 /* Security.framework */ = {isa = PBXFileReference; lastKnownFileType = wrapper.framework; name = Security.framework; path = System/Library/Frameworks/Security.framework; sourceTree = SDKROOT; };
		6B84B4E2155097FD0086BB80 /* CoreLocation.framework */ = {isa = PBXFileReference; lastKnownFileType = wrapper.framework; name = CoreLocation.framework; path = System/Library/Frameworks/CoreLocation.framework; sourceTree = SDKROOT; };
		6B84B4E4155098020086BB80 /* MapKit.framework */ = {isa = PBXFileReference; lastKnownFileType = wrapper.framework; name = MapKit.framework; path = System/Library/Frameworks/MapKit.framework; sourceTree = SDKROOT; };
		7E08279817138F2200A046C1 /* ContentViewController.xib */ = {isa = PBXFileReference; fileEncoding = 4; lastKnownFileType = file.xib; path = ContentViewController.xib; sourceTree = "<group>"; };
		7E08279A1713907500A046C1 /* ContentViewController.h */ = {isa = PBXFileReference; fileEncoding = 4; lastKnownFileType = sourcecode.c.h; path = ContentViewController.h; sourceTree = "<group>"; };
		7E08279B1713907500A046C1 /* ContentViewController.m */ = {isa = PBXFileReference; fileEncoding = 4; lastKnownFileType = sourcecode.c.objc; path = ContentViewController.m; sourceTree = "<group>"; };
		9505B635198C5DB6001CBC96 /* Common.framework */ = {isa = PBXFileReference; lastKnownFileType = wrapper.framework; path = Common.framework; sourceTree = "<group>"; };
		9505B638198C5DB6001CBC96 /* ContextCore.framework */ = {isa = PBXFileReference; lastKnownFileType = wrapper.framework; path = ContextCore.framework; sourceTree = "<group>"; };
		9505B63B198C5DB6001CBC96 /* ContextLocation.framework */ = {isa = PBXFileReference; lastKnownFileType = wrapper.framework; path = ContextLocation.framework; sourceTree = "<group>"; };
		9505B63D198C5DB6001CBC96 /* DataModels.bundle */ = {isa = PBXFileReference; lastKnownFileType = "wrapper.plug-in"; path = DataModels.bundle; sourceTree = "<group>"; };
		9505B63F198C5DB6001CBC96 /* ContextProfiling.framework */ = {isa = PBXFileReference; lastKnownFileType = wrapper.framework; path = ContextProfiling.framework; sourceTree = "<group>"; };
		9505B643198C5DB6001CBC96 /* NetworkServices.framework */ = {isa = PBXFileReference; lastKnownFileType = wrapper.framework; path = NetworkServices.framework; sourceTree = "<group>"; };
		955862A71A0813EB00023C82 /* Main.storyboard */ = {isa = PBXFileReference; fileEncoding = 4; lastKnownFileType = file.storyboard; path = Main.storyboard; sourceTree = "<group>"; };
		955862A91A0816CF00023C82 /* Images.xcassets */ = {isa = PBXFileReference; lastKnownFileType = folder.assetcatalog; path = Images.xcassets; sourceTree = "<group>"; };
		955862AE1A081EBC00023C82 /* GMBLOptInViewController.h */ = {isa = PBXFileReference; fileEncoding = 4; lastKnownFileType = sourcecode.c.h; path = GMBLOptInViewController.h; sourceTree = "<group>"; };
		955862AF1A081EBC00023C82 /* GMBLOptInViewController.m */ = {isa = PBXFileReference; fileEncoding = 4; lastKnownFileType = sourcecode.c.objc; path = GMBLOptInViewController.m; sourceTree = "<group>"; };
		955A323816DFEEB900AD96FE /* CoreText.framework */ = {isa = PBXFileReference; lastKnownFileType = wrapper.framework; name = CoreText.framework; path = System/Library/Frameworks/CoreText.framework; sourceTree = SDKROOT; };
		95E09779157D77D300F6758D /* UserContext.plist */ = {isa = PBXFileReference; fileEncoding = 4; lastKnownFileType = text.plist.xml; path = UserContext.plist; sourceTree = "<group>"; };
		D1AB588A173C232500048AD3 /* libz.dylib */ = {isa = PBXFileReference; lastKnownFileType = "compiled.mach-o.dylib"; name = libz.dylib; path = usr/lib/libz.dylib; sourceTree = SDKROOT; };
/* End PBXFileReference section */

/* Begin PBXFrameworksBuildPhase section */
		6B145053152630BC006BD77A /* Frameworks */ = {
			isa = PBXFrameworksBuildPhase;
			buildActionMask = 2147483647;
			files = (
				9505B647198C5DB6001CBC96 /* ContextLocation.framework in Frameworks */,
				9505B649198C5DB6001CBC96 /* ContextProfiling.framework in Frameworks */,
				9505B645198C5DB6001CBC96 /* Common.framework in Frameworks */,
				D1AB588B173C232500048AD3 /* libz.dylib in Frameworks */,
				6B84B4E5155098020086BB80 /* MapKit.framework in Frameworks */,
				9505B646198C5DB6001CBC96 /* ContextCore.framework in Frameworks */,
				6B84B4E3155097FD0086BB80 /* CoreLocation.framework in Frameworks */,
				6B84B4E1155097F70086BB80 /* Security.framework in Frameworks */,
				9505B64B198C5DB6001CBC96 /* NetworkServices.framework in Frameworks */,
				6B84B4DF155097F20086BB80 /* CoreData.framework in Frameworks */,
				6B14505B152630BC006BD77A /* UIKit.framework in Frameworks */,
				6B14505D152630BC006BD77A /* Foundation.framework in Frameworks */,
				6B14505F152630BC006BD77A /* CoreGraphics.framework in Frameworks */,
			);
			runOnlyForDeploymentPostprocessing = 0;
		};
/* End PBXFrameworksBuildPhase section */

/* Begin PBXGroup section */
		6B14504B152630BB006BD77A = {
			isa = PBXGroup;
			children = (
				6B145060152630BC006BD77A /* Mallmart */,
				6B145059152630BC006BD77A /* Frameworks */,
				6B145057152630BC006BD77A /* Products */,
			);
			sourceTree = "<group>";
		};
		6B145057152630BC006BD77A /* Products */ = {
			isa = PBXGroup;
			children = (
				6B145056152630BC006BD77A /* Mallmart.app */,
			);
			name = Products;
			sourceTree = "<group>";
		};
		6B145059152630BC006BD77A /* Frameworks */ = {
			isa = PBXGroup;
			children = (
				9505B634198C5DB6001CBC96 /* Common.embeddedframework */,
				9505B637198C5DB6001CBC96 /* ContextCore.embeddedframework */,
				9505B63A198C5DB6001CBC96 /* ContextLocation.embeddedframework */,
				9505B63E198C5DB6001CBC96 /* ContextProfiling.embeddedframework */,
				9505B642198C5DB6001CBC96 /* NetworkServices.embeddedframework */,
				6B84B4DE155097F20086BB80 /* CoreData.framework */,
				6B14505E152630BC006BD77A /* CoreGraphics.framework */,
				6B84B4E2155097FD0086BB80 /* CoreLocation.framework */,
				955A323816DFEEB900AD96FE /* CoreText.framework */,
				6B14505C152630BC006BD77A /* Foundation.framework */,
				6B84B4E4155098020086BB80 /* MapKit.framework */,
				6B84B4E0155097F70086BB80 /* Security.framework */,
				6B14505A152630BC006BD77A /* UIKit.framework */,
				D1AB588A173C232500048AD3 /* libz.dylib */,
			);
			name = Frameworks;
			sourceTree = "<group>";
		};
		6B145060152630BC006BD77A /* Mallmart */ = {
			isa = PBXGroup;
			children = (
				6B145069152630BC006BD77A /* AppDelegate.h */,
				6B14506A152630BC006BD77A /* AppDelegate.m */,
				955862AE1A081EBC00023C82 /* GMBLOptInViewController.h */,
				955862AF1A081EBC00023C82 /* GMBLOptInViewController.m */,
				6B145077152632FE006BD77A /* MainViewController.h */,
				6B145078152632FE006BD77A /* MainViewController.m */,
				7E08279A1713907500A046C1 /* ContentViewController.h */,
				7E08279B1713907500A046C1 /* ContentViewController.m */,
				7E08279817138F2200A046C1 /* ContentViewController.xib */,
				955862A91A0816CF00023C82 /* Images.xcassets */,
				6B145061152630BC006BD77A /* Supporting Files */,
			);
			path = Mallmart;
			sourceTree = "<group>";
		};
		6B145061152630BC006BD77A /* Supporting Files */ = {
			isa = PBXGroup;
			children = (
				955862A71A0813EB00023C82 /* Main.storyboard */,
				6B145062152630BC006BD77A /* Mallmart-Info.plist */,
				95E09779157D77D300F6758D /* UserContext.plist */,
				6B145066152630BC006BD77A /* main.m */,
				6B145068152630BC006BD77A /* Mallmart-Prefix.pch */,
			);
			name = "Supporting Files";
			sourceTree = "<group>";
		};
		9505B634198C5DB6001CBC96 /* Common.embeddedframework */ = {
			isa = PBXGroup;
			children = (
				9505B635198C5DB6001CBC96 /* Common.framework */,
				9505B636198C5DB6001CBC96 /* Resources */,
			);
			name = Common.embeddedframework;
			path = "../../Frameworks/Common.embeddedframework";
			sourceTree = "<group>";
		};
		9505B636198C5DB6001CBC96 /* Resources */ = {
			isa = PBXGroup;
			children = (
			);
			path = Resources;
			sourceTree = "<group>";
		};
		9505B637198C5DB6001CBC96 /* ContextCore.embeddedframework */ = {
			isa = PBXGroup;
			children = (
				9505B638198C5DB6001CBC96 /* ContextCore.framework */,
				9505B639198C5DB6001CBC96 /* Resources */,
			);
			name = ContextCore.embeddedframework;
			path = "../../Frameworks/ContextCore.embeddedframework";
			sourceTree = "<group>";
		};
		9505B639198C5DB6001CBC96 /* Resources */ = {
			isa = PBXGroup;
			children = (
			);
			path = Resources;
			sourceTree = "<group>";
		};
		9505B63A198C5DB6001CBC96 /* ContextLocation.embeddedframework */ = {
			isa = PBXGroup;
			children = (
				9505B63B198C5DB6001CBC96 /* ContextLocation.framework */,
				9505B63C198C5DB6001CBC96 /* Resources */,
			);
			name = ContextLocation.embeddedframework;
			path = "../../Frameworks/ContextLocation.embeddedframework";
			sourceTree = "<group>";
		};
		9505B63C198C5DB6001CBC96 /* Resources */ = {
			isa = PBXGroup;
			children = (
				9505B63D198C5DB6001CBC96 /* DataModels.bundle */,
			);
			path = Resources;
			sourceTree = "<group>";
		};
		9505B63E198C5DB6001CBC96 /* ContextProfiling.embeddedframework */ = {
			isa = PBXGroup;
			children = (
				9505B63F198C5DB6001CBC96 /* ContextProfiling.framework */,
				9505B640198C5DB6001CBC96 /* Resources */,
			);
			name = ContextProfiling.embeddedframework;
			path = "../../Frameworks/ContextProfiling.embeddedframework";
			sourceTree = "<group>";
		};
		9505B640198C5DB6001CBC96 /* Resources */ = {
			isa = PBXGroup;
			children = (
			);
			path = Resources;
			sourceTree = "<group>";
		};
		9505B642198C5DB6001CBC96 /* NetworkServices.embeddedframework */ = {
			isa = PBXGroup;
			children = (
				9505B643198C5DB6001CBC96 /* NetworkServices.framework */,
				9505B644198C5DB6001CBC96 /* Resources */,
			);
			name = NetworkServices.embeddedframework;
			path = "../../Frameworks/NetworkServices.embeddedframework";
			sourceTree = "<group>";
		};
		9505B644198C5DB6001CBC96 /* Resources */ = {
			isa = PBXGroup;
			children = (
			);
			path = Resources;
			sourceTree = "<group>";
		};
/* End PBXGroup section */

/* Begin PBXNativeTarget section */
		6B145055152630BC006BD77A /* Mallmart */ = {
			isa = PBXNativeTarget;
			buildConfigurationList = 6B145074152630BC006BD77A /* Build configuration list for PBXNativeTarget "Mallmart" */;
			buildPhases = (
				6B145052152630BC006BD77A /* Sources */,
				6B145053152630BC006BD77A /* Frameworks */,
				6B145054152630BC006BD77A /* Resources */,
			);
			buildRules = (
			);
			dependencies = (
			);
			name = Mallmart;
			productName = Mallmart;
			productReference = 6B145056152630BC006BD77A /* Mallmart.app */;
			productType = "com.apple.product-type.application";
		};
/* End PBXNativeTarget section */

/* Begin PBXProject section */
		6B14504D152630BB006BD77A /* Project object */ = {
			isa = PBXProject;
			attributes = {
				LastUpgradeCheck = 0600;
				TargetAttributes = {
					6B145055152630BC006BD77A = {
						SystemCapabilities = {
							com.apple.BackgroundModes = {
								enabled = 0;
							};
						};
					};
				};
			};
			buildConfigurationList = 6B145050152630BB006BD77A /* Build configuration list for PBXProject "Mallmart" */;
			compatibilityVersion = "Xcode 3.2";
			developmentRegion = English;
			hasScannedForEncodings = 0;
			knownRegions = (
				en,
			);
			mainGroup = 6B14504B152630BB006BD77A;
			productRefGroup = 6B145057152630BC006BD77A /* Products */;
			projectDirPath = "";
			projectRoot = "";
			targets = (
				6B145055152630BC006BD77A /* Mallmart */,
			);
		};
/* End PBXProject section */

/* Begin PBXResourcesBuildPhase section */
		6B145054152630BC006BD77A /* Resources */ = {
			isa = PBXResourcesBuildPhase;
			buildActionMask = 2147483647;
			files = (
				955862A81A0813EB00023C82 /* Main.storyboard in Resources */,
				955862AA1A0816CF00023C82 /* Images.xcassets in Resources */,
				9505B648198C5DB6001CBC96 /* DataModels.bundle in Resources */,
				95E0977A157D77D300F6758D /* UserContext.plist in Resources */,
				7E08279917138F2200A046C1 /* ContentViewController.xib in Resources */,
			);
			runOnlyForDeploymentPostprocessing = 0;
		};
/* End PBXResourcesBuildPhase section */

/* Begin PBXSourcesBuildPhase section */
		6B145052152630BC006BD77A /* Sources */ = {
			isa = PBXSourcesBuildPhase;
			buildActionMask = 2147483647;
			files = (
				6B145067152630BC006BD77A /* main.m in Sources */,
				6B14506B152630BC006BD77A /* AppDelegate.m in Sources */,
				6B14507A152632FE006BD77A /* MainViewController.m in Sources */,
				955862B01A081EBC00023C82 /* GMBLOptInViewController.m in Sources */,
				7E08279C1713907500A046C1 /* ContentViewController.m in Sources */,
			);
			runOnlyForDeploymentPostprocessing = 0;
		};
/* End PBXSourcesBuildPhase section */

/* Begin XCBuildConfiguration section */
		6B145072152630BC006BD77A /* Debug */ = {
			isa = XCBuildConfiguration;
			buildSettings = {
				ALWAYS_SEARCH_USER_PATHS = NO;
				CLANG_ENABLE_OBJC_ARC = YES;
				CLANG_WARN_BOOL_CONVERSION = YES;
				CLANG_WARN_CONSTANT_CONVERSION = YES;
				CLANG_WARN_EMPTY_BODY = YES;
				CLANG_WARN_ENUM_CONVERSION = YES;
				CLANG_WARN_INT_CONVERSION = YES;
				CLANG_WARN_UNREACHABLE_CODE = YES;
				CLANG_WARN__DUPLICATE_METHOD_MATCH = YES;
				"CODE_SIGN_IDENTITY[sdk=iphoneos*]" = "iPhone Developer";
				COPY_PHASE_STRIP = NO;
				ENABLE_STRICT_OBJC_MSGSEND = YES;
				GCC_C_LANGUAGE_STANDARD = gnu99;
				GCC_DYNAMIC_NO_PIC = NO;
				GCC_OPTIMIZATION_LEVEL = 0;
				GCC_PREPROCESSOR_DEFINITIONS = (
					"DEBUG=1",
					"$(inherited)",
				);
				GCC_SYMBOLS_PRIVATE_EXTERN = NO;
				GCC_VERSION = com.apple.compilers.llvm.clang.1_0;
				GCC_WARN_64_TO_32_BIT_CONVERSION = YES;
				GCC_WARN_ABOUT_MISSING_PROTOTYPES = YES;
				GCC_WARN_ABOUT_RETURN_TYPE = YES;
				GCC_WARN_UNDECLARED_SELECTOR = YES;
				GCC_WARN_UNINITIALIZED_AUTOS = YES;
				GCC_WARN_UNUSED_FUNCTION = YES;
				GCC_WARN_UNUSED_VARIABLE = YES;
				IPHONEOS_DEPLOYMENT_TARGET = 5.0;
				MOMC_NO_INVERSE_RELATIONSHIP_WARNINGS = YES;
				ONLY_ACTIVE_ARCH = YES;
				SDKROOT = iphoneos;
			};
			name = Debug;
		};
		6B145073152630BC006BD77A /* Release */ = {
			isa = XCBuildConfiguration;
			buildSettings = {
				ALWAYS_SEARCH_USER_PATHS = NO;
				CLANG_ENABLE_OBJC_ARC = YES;
				CLANG_WARN_BOOL_CONVERSION = YES;
				CLANG_WARN_CONSTANT_CONVERSION = YES;
				CLANG_WARN_EMPTY_BODY = YES;
				CLANG_WARN_ENUM_CONVERSION = YES;
				CLANG_WARN_INT_CONVERSION = YES;
				CLANG_WARN_UNREACHABLE_CODE = YES;
				CLANG_WARN__DUPLICATE_METHOD_MATCH = YES;
				"CODE_SIGN_IDENTITY[sdk=iphoneos*]" = "iPhone Developer";
				COPY_PHASE_STRIP = YES;
				ENABLE_STRICT_OBJC_MSGSEND = YES;
				GCC_C_LANGUAGE_STANDARD = gnu99;
				GCC_VERSION = com.apple.compilers.llvm.clang.1_0;
				GCC_WARN_64_TO_32_BIT_CONVERSION = YES;
				GCC_WARN_ABOUT_MISSING_PROTOTYPES = YES;
				GCC_WARN_ABOUT_RETURN_TYPE = YES;
				GCC_WARN_UNDECLARED_SELECTOR = YES;
				GCC_WARN_UNINITIALIZED_AUTOS = YES;
				GCC_WARN_UNUSED_FUNCTION = YES;
				GCC_WARN_UNUSED_VARIABLE = YES;
				IPHONEOS_DEPLOYMENT_TARGET = 5.0;
				MOMC_NO_INVERSE_RELATIONSHIP_WARNINGS = YES;
				OTHER_CFLAGS = "-DNS_BLOCK_ASSERTIONS=1";
				SDKROOT = iphoneos;
				VALIDATE_PRODUCT = YES;
			};
			name = Release;
		};
		6B145075152630BC006BD77A /* Debug */ = {
			isa = XCBuildConfiguration;
			buildSettings = {
				ASSETCATALOG_COMPILER_APPICON_NAME = AppIcon;
				ASSETCATALOG_COMPILER_LAUNCHIMAGE_NAME = LaunchImage;
				CODE_SIGN_IDENTITY = "iPhone Developer";
				"CODE_SIGN_IDENTITY[sdk=iphoneos*]" = "iPhone Developer";
				FRAMEWORK_SEARCH_PATHS = (
					"$(inherited)",
					"\"$(SRCROOT)/../../Frameworks\"/**",
				);
				GCC_PRECOMPILE_PREFIX_HEADER = YES;
				GCC_PREFIX_HEADER = "Mallmart/Mallmart-Prefix.pch";
				INCLUDED_RECURSIVE_SEARCH_PATH_SUBDIRECTORIES = "-framework ContextLocation -framework ContextCore -framework Common -framework NetworkServices -framework ContextProfiling";
				INFOPLIST_FILE = "Mallmart/Mallmart-Info.plist";
				IPHONEOS_DEPLOYMENT_TARGET = 7.0;
				PRODUCT_NAME = "$(TARGET_NAME)";
				PROVISIONING_PROFILE = "";
				"PROVISIONING_PROFILE[sdk=iphoneos*]" = "";
				WRAPPER_EXTENSION = app;
			};
			name = Debug;
		};
		6B145076152630BC006BD77A /* Release */ = {
			isa = XCBuildConfiguration;
			buildSettings = {
				ASSETCATALOG_COMPILER_APPICON_NAME = AppIcon;
				ASSETCATALOG_COMPILER_LAUNCHIMAGE_NAME = LaunchImage;
				CODE_SIGN_IDENTITY = "iPhone Developer";
				"CODE_SIGN_IDENTITY[sdk=iphoneos*]" = "iPhone Developer";
				FRAMEWORK_SEARCH_PATHS = (
					"$(inherited)",
					"\"$(SRCROOT)/../../Frameworks\"/**",
				);
				GCC_PRECOMPILE_PREFIX_HEADER = YES;
				GCC_PREFIX_HEADER = "Mallmart/Mallmart-Prefix.pch";
				INCLUDED_RECURSIVE_SEARCH_PATH_SUBDIRECTORIES = "-framework ContextLocation -framework ContextCore -framework Common -framework NetworkServices -framework ContextProfiling";
				INFOPLIST_FILE = "Mallmart/Mallmart-Info.plist";
				IPHONEOS_DEPLOYMENT_TARGET = 7.0;
				PRODUCT_NAME = "$(TARGET_NAME)";
				PROVISIONING_PROFILE = "";
				"PROVISIONING_PROFILE[sdk=iphoneos*]" = "";
				WRAPPER_EXTENSION = app;
			};
			name = Release;
		};
/* End XCBuildConfiguration section */

/* Begin XCConfigurationList section */
		6B145050152630BB006BD77A /* Build configuration list for PBXProject "Mallmart" */ = {
			isa = XCConfigurationList;
			buildConfigurations = (
				6B145072152630BC006BD77A /* Debug */,
				6B145073152630BC006BD77A /* Release */,
			);
			defaultConfigurationIsVisible = 0;
			defaultConfigurationName = Release;
		};
		6B145074152630BC006BD77A /* Build configuration list for PBXNativeTarget "Mallmart" */ = {
			isa = XCConfigurationList;
			buildConfigurations = (
				6B145075152630BC006BD77A /* Debug */,
				6B145076152630BC006BD77A /* Release */,
			);
			defaultConfigurationIsVisible = 0;
			defaultConfigurationName = Release;
		};
/* End XCConfigurationList section */
	};
	rootObject = 6B14504D152630BB006BD77A /* Project object */;
}
